
Microsoft Visual Studio Solution File, Format Version 12.00
# Visual Studio Version 17
VisualStudioVersion = 17.13.35919.96 d17.13
MinimumVisualStudioVersion = 10.0.40219.1
Project("{FAE04EC0-301F-11D3-BF4B-00C04F79EFBC}") = "Lab4", "Lab4.csproj", "{0D1E4FA8-75F0-4C7F-B02D-199C35847D12}"
EndProject
Global
	GlobalSection(SolutionConfigurationPlatforms) = preSolution
		Debug|Any CPU = Debug|Any CPU
		Release|Any CPU = Release|Any CPU
	EndGlobalSection
	GlobalSection(ProjectConfigurationPlatforms) = postSolution
		{0D1E4FA8-75F0-4C7F-B02D-199C35847D12}.Debug|Any CPU.ActiveCfg = Debug|Any CPU
		{0D1E4FA8-75F0-4C7F-B02D-199C35847D12}.Debug|Any CPU.Build.0 = Debug|Any CPU
		{0D1E4FA8-75F0-4C7F-B02D-199C35847D12}.Release|Any CPU.ActiveCfg = Release|Any CPU
		{0D1E4FA8-75F0-4C7F-B02D-199C35847D12}.Release|Any CPU.Build.0 = Release|Any CPU
	EndGlobalSection
	GlobalSection(SolutionProperties) = preSolution
		HideSolutionNode = FALSE
	EndGlobalSection
	GlobalSection(ExtensibilityGlobals) = postSolution
		SolutionGuid = {1FB297B6-1CCF-4521-B586-1501124CD521}
	EndGlobalSection
EndGlobal
